// !$*UTF8*$!
{
	archiveVersion = 1;
	classes = {
	};
	objectVersion = 56;
	objects = {

/* Begin PBXBuildFile section */
		BE3EDAB02A719AF400B3B3ED /* main2.cpp in Sources */ = {isa = PBXBuildFile; fileRef = BE3EDAAD2A719AF300B3B3ED /* main2.cpp */; };
		BE3EDAB12A719AF400B3B3ED /* parser.cpp in Sources */ = {isa = PBXBuildFile; fileRef = BE3EDAAE2A719AF300B3B3ED /* parser.cpp */; };
		BE3EDAB22A719AF400B3B3ED /* shaders.cpp in Sources */ = {isa = PBXBuildFile; fileRef = BE3EDAAF2A719AF400B3B3ED /* shaders.cpp */; };
		BE3EDAB42A719FA600B3B3ED /* vertex.glsl in Copy Files */ = {isa = PBXBuildFile; fileRef = BE3EDAAB2A719AF300B3B3ED /* vertex.glsl */; };
		BE3EDAB52A719FA800B3B3ED /* fragment.glsl in Copy Files */ = {isa = PBXBuildFile; fileRef = BE3EDAA82A719AF300B3B3ED /* fragment.glsl */; };
/* End PBXBuildFile section */

/* Begin PBXCopyFilesBuildPhase section */
		BE3EDA9C2A719A3800B3B3ED /* Copy Files */ = {
			isa = PBXCopyFilesBuildPhase;
			buildActionMask = 12;
			dstPath = "";
			dstSubfolderSpec = 16;
			files = (
				BE3EDAB52A719FA800B3B3ED /* fragment.glsl in Copy Files */,
				BE3EDAB42A719FA600B3B3ED /* vertex.glsl in Copy Files */,
			);
			name = "Copy Files";
			runOnlyForDeploymentPostprocessing = 0;
		};
/* End PBXCopyFilesBuildPhase section */

/* Begin PBXFileReference section */
		BE3EDA9E2A719A3800B3B3ED /* progviz */ = {isa = PBXFileReference; explicitFileType = "compiled.mach-o.executable"; includeInIndex = 0; path = progviz; sourceTree = BUILT_PRODUCTS_DIR; };
		BE3EDAA12A719A3800B3B3ED /* main.cpp */ = {isa = PBXFileReference; lastKnownFileType = sourcecode.cpp.cpp; path = main.cpp; sourceTree = "<group>"; };
		BE3EDAA82A719AF300B3B3ED /* fragment.glsl */ = {isa = PBXFileReference; lastKnownFileType = file; path = fragment.glsl; sourceTree = SOURCE_ROOT; };
		BE3EDAA92A719AF300B3B3ED /* shaders.h */ = {isa = PBXFileReference; fileEncoding = 4; lastKnownFileType = sourcecode.c.h; path = shaders.h; sourceTree = SOURCE_ROOT; };
		BE3EDAAA2A719AF300B3B3ED /* parser.h */ = {isa = PBXFileReference; fileEncoding = 4; lastKnownFileType = sourcecode.c.h; path = parser.h; sourceTree = SOURCE_ROOT; };
		BE3EDAAB2A719AF300B3B3ED /* vertex.glsl */ = {isa = PBXFileReference; lastKnownFileType = file; path = vertex.glsl; sourceTree = SOURCE_ROOT; };
		BE3EDAAC2A719AF300B3B3ED /* Makefile */ = {isa = PBXFileReference; fileEncoding = 4; lastKnownFileType = text; path = Makefile; sourceTree = SOURCE_ROOT; };
		BE3EDAAD2A719AF300B3B3ED /* main2.cpp */ = {isa = PBXFileReference; fileEncoding = 4; lastKnownFileType = sourcecode.cpp.cpp; path = main2.cpp; sourceTree = SOURCE_ROOT; };
		BE3EDAAE2A719AF300B3B3ED /* parser.cpp */ = {isa = PBXFileReference; fileEncoding = 4; lastKnownFileType = sourcecode.cpp.cpp; path = parser.cpp; sourceTree = SOURCE_ROOT; };
		BE3EDAAF2A719AF400B3B3ED /* shaders.cpp */ = {isa = PBXFileReference; fileEncoding = 4; lastKnownFileType = sourcecode.cpp.cpp; path = shaders.cpp; sourceTree = SOURCE_ROOT; };
/* End PBXFileReference section */

/* Begin PBXFrameworksBuildPhase section */
		BE3EDA9B2A719A3800B3B3ED /* Frameworks */ = {
			isa = PBXFrameworksBuildPhase;
			buildActionMask = 2147483647;
			files = (
			);
			runOnlyForDeploymentPostprocessing = 0;
		};
/* End PBXFrameworksBuildPhase section */

/* Begin PBXGroup section */
		BE3EDA952A719A3800B3B3ED = {
			isa = PBXGroup;
			children = (
				BE3EDAA02A719A3800B3B3ED /* progviz */,
				BE3EDA9F2A719A3800B3B3ED /* Products */,
			);
			sourceTree = "<group>";
		};
		BE3EDA9F2A719A3800B3B3ED /* Products */ = {
			isa = PBXGroup;
			children = (
				BE3EDA9E2A719A3800B3B3ED /* progviz */,
			);
			name = Products;
			sourceTree = "<group>";
		};
		BE3EDAA02A719A3800B3B3ED /* progviz */ = {
			isa = PBXGroup;
			children = (
				BE3EDAA12A719A3800B3B3ED /* main.cpp */,
				BE3EDAA82A719AF300B3B3ED /* fragment.glsl */,
				BE3EDAAD2A719AF300B3B3ED /* main2.cpp */,
				BE3EDAAC2A719AF300B3B3ED /* Makefile */,
				BE3EDAAE2A719AF300B3B3ED /* parser.cpp */,
				BE3EDAAA2A719AF300B3B3ED /* parser.h */,
				BE3EDAAF2A719AF400B3B3ED /* shaders.cpp */,
				BE3EDAA92A719AF300B3B3ED /* shaders.h */,
				BE3EDAAB2A719AF300B3B3ED /* vertex.glsl */,
			);
			path = progviz;
			sourceTree = "<group>";
		};
/* End PBXGroup section */

/* Begin PBXNativeTarget section */
		BE3EDA9D2A719A3800B3B3ED /* progviz */ = {
			isa = PBXNativeTarget;
			buildConfigurationList = BE3EDAA52A719A3800B3B3ED /* Build configuration list for PBXNativeTarget "progviz" */;
			buildPhases = (
				BE3EDA9A2A719A3800B3B3ED /* Sources */,
				BE3EDA9B2A719A3800B3B3ED /* Frameworks */,
				BE3EDA9C2A719A3800B3B3ED /* Copy Files */,
			);
			buildRules = (
			);
			dependencies = (
			);
			name = progviz;
			productName = progviz;
			productReference = BE3EDA9E2A719A3800B3B3ED /* progviz */;
			productType = "com.apple.product-type.tool";
		};
/* End PBXNativeTarget section */

/* Begin PBXProject section */
		BE3EDA962A719A3800B3B3ED /* Project object */ = {
			isa = PBXProject;
			attributes = {
				BuildIndependentTargetsInParallel = 1;
				LastUpgradeCheck = 1430;
				TargetAttributes = {
					BE3EDA9D2A719A3800B3B3ED = {
						CreatedOnToolsVersion = 14.3.1;
					};
				};
			};
			buildConfigurationList = BE3EDA992A719A3800B3B3ED /* Build configuration list for PBXProject "progviz" */;
			compatibilityVersion = "Xcode 14.0";
			developmentRegion = en;
			hasScannedForEncodings = 0;
			knownRegions = (
				en,
				Base,
			);
			mainGroup = BE3EDA952A719A3800B3B3ED;
			productRefGroup = BE3EDA9F2A719A3800B3B3ED /* Products */;
			projectDirPath = "";
			projectRoot = "";
			targets = (
				BE3EDA9D2A719A3800B3B3ED /* progviz */,
			);
		};
/* End PBXProject section */

/* Begin PBXSourcesBuildPhase section */
		BE3EDA9A2A719A3800B3B3ED /* Sources */ = {
			isa = PBXSourcesBuildPhase;
			buildActionMask = 2147483647;
			files = (
				BE3EDAB12A719AF400B3B3ED /* parser.cpp in Sources */,
				BE3EDAB22A719AF400B3B3ED /* shaders.cpp in Sources */,
				BE3EDAB02A719AF400B3B3ED /* main2.cpp in Sources */,
			);
			runOnlyForDeploymentPostprocessing = 0;
		};
/* End PBXSourcesBuildPhase section */

/* Begin XCBuildConfiguration section */
		BE3EDAA32A719A3800B3B3ED /* Debug */ = {
			isa = XCBuildConfiguration;
			buildSettings = {
				ALWAYS_SEARCH_USER_PATHS = NO;
				CLANG_ANALYZER_NONNULL = YES;
				CLANG_ANALYZER_NUMBER_OBJECT_CONVERSION = YES_AGGRESSIVE;
				CLANG_CXX_LANGUAGE_STANDARD = "gnu++20";
				CLANG_ENABLE_MODULES = YES;
				CLANG_ENABLE_OBJC_ARC = YES;
				CLANG_ENABLE_OBJC_WEAK = YES;
				CLANG_WARN_BLOCK_CAPTURE_AUTORELEASING = YES;
				CLANG_WARN_BOOL_CONVERSION = YES;
				CLANG_WARN_COMMA = YES;
				CLANG_WARN_CONSTANT_CONVERSION = YES;
				CLANG_WARN_DEPRECATED_OBJC_IMPLEMENTATIONS = YES;
				CLANG_WARN_DIRECT_OBJC_ISA_USAGE = YES_ERROR;
				CLANG_WARN_DOCUMENTATION_COMMENTS = YES;
				CLANG_WARN_EMPTY_BODY = YES;
				CLANG_WARN_ENUM_CONVERSION = YES;
				CLANG_WARN_INFINITE_RECURSION = YES;
				CLANG_WARN_INT_CONVERSION = YES;
				CLANG_WARN_NON_LITERAL_NULL_CONVERSION = YES;
				CLANG_WARN_OBJC_IMPLICIT_RETAIN_SELF = YES;
				CLANG_WARN_OBJC_LITERAL_CONVERSION = YES;
				CLANG_WARN_OBJC_ROOT_CLASS = YES_ERROR;
				CLANG_WARN_QUOTED_INCLUDE_IN_FRAMEWORK_HEADER = YES;
				CLANG_WARN_RANGE_LOOP_ANALYSIS = YES;
				CLANG_WARN_STRICT_PROTOTYPES = YES;
				CLANG_WARN_SUSPICIOUS_MOVE = YES;
				CLANG_WARN_UNGUARDED_AVAILABILITY = YES_AGGRESSIVE;
				CLANG_WARN_UNREACHABLE_CODE = YES;
				CLANG_WARN__DUPLICATE_METHOD_MATCH = YES;
				COPY_PHASE_STRIP = NO;
				DEBUG_INFORMATION_FORMAT = dwarf;
				ENABLE_STRICT_OBJC_MSGSEND = YES;
				ENABLE_TESTABILITY = YES;
				GCC_C_LANGUAGE_STANDARD = gnu11;
				GCC_DYNAMIC_NO_PIC = NO;
				GCC_NO_COMMON_BLOCKS = YES;
				GCC_OPTIMIZATION_LEVEL = 0;
				GCC_PREPROCESSOR_DEFINITIONS = (
					"DEBUG=1",
					"$(inherited)",
				);
				GCC_WARN_64_TO_32_BIT_CONVERSION = YES;
				GCC_WARN_ABOUT_RETURN_TYPE = YES_ERROR;
				GCC_WARN_UNDECLARED_SELECTOR = YES;
				GCC_WARN_UNINITIALIZED_AUTOS = YES_AGGRESSIVE;
				GCC_WARN_UNUSED_FUNCTION = YES;
				GCC_WARN_UNUSED_VARIABLE = YES;
				MACOSX_DEPLOYMENT_TARGET = 13.3;
				MTL_ENABLE_DEBUG_INFO = INCLUDE_SOURCE;
				MTL_FAST_MATH = YES;
				ONLY_ACTIVE_ARCH = YES;
				SDKROOT = macosx;
			};
			name = Debug;
		};
		BE3EDAA42A719A3800B3B3ED /* Release */ = {
			isa = XCBuildConfiguration;
			buildSettings = {
				ALWAYS_SEARCH_USER_PATHS = NO;
				CLANG_ANALYZER_NONNULL = YES;
				CLANG_ANALYZER_NUMBER_OBJECT_CONVERSION = YES_AGGRESSIVE;
				CLANG_CXX_LANGUAGE_STANDARD = "gnu++20";
				CLANG_ENABLE_MODULES = YES;
				CLANG_ENABLE_OBJC_ARC = YES;
				CLANG_ENABLE_OBJC_WEAK = YES;
				CLANG_WARN_BLOCK_CAPTURE_AUTORELEASING = YES;
				CLANG_WARN_BOOL_CONVERSION = YES;
				CLANG_WARN_COMMA = YES;
				CLANG_WARN_CONSTANT_CONVERSION = YES;
				CLANG_WARN_DEPRECATED_OBJC_IMPLEMENTATIONS = YES;
				CLANG_WARN_DIRECT_OBJC_ISA_USAGE = YES_ERROR;
				CLANG_WARN_DOCUMENTATION_COMMENTS = YES;
				CLANG_WARN_EMPTY_BODY = YES;
				CLANG_WARN_ENUM_CONVERSION = YES;
				CLANG_WARN_INFINITE_RECURSION = YES;
				CLANG_WARN_INT_CONVERSION = YES;
				CLANG_WARN_NON_LITERAL_NULL_CONVERSION = YES;
				CLANG_WARN_OBJC_IMPLICIT_RETAIN_SELF = YES;
				CLANG_WARN_OBJC_LITERAL_CONVERSION = YES;
				CLANG_WARN_OBJC_ROOT_CLASS = YES_ERROR;
				CLANG_WARN_QUOTED_INCLUDE_IN_FRAMEWORK_HEADER = YES;
				CLANG_WARN_RANGE_LOOP_ANALYSIS = YES;
				CLANG_WARN_STRICT_PROTOTYPES = YES;
				CLANG_WARN_SUSPICIOUS_MOVE = YES;
				CLANG_WARN_UNGUARDED_AVAILABILITY = YES_AGGRESSIVE;
				CLANG_WARN_UNREACHABLE_CODE = YES;
				CLANG_WARN__DUPLICATE_METHOD_MATCH = YES;
				COPY_PHASE_STRIP = NO;
				DEBUG_INFORMATION_FORMAT = "dwarf-with-dsym";
				ENABLE_NS_ASSERTIONS = NO;
				ENABLE_STRICT_OBJC_MSGSEND = YES;
				GCC_C_LANGUAGE_STANDARD = gnu11;
				GCC_NO_COMMON_BLOCKS = YES;
				GCC_WARN_64_TO_32_BIT_CONVERSION = YES;
				GCC_WARN_ABOUT_RETURN_TYPE = YES_ERROR;
				GCC_WARN_UNDECLARED_SELECTOR = YES;
				GCC_WARN_UNINITIALIZED_AUTOS = YES_AGGRESSIVE;
				GCC_WARN_UNUSED_FUNCTION = YES;
				GCC_WARN_UNUSED_VARIABLE = YES;
				MACOSX_DEPLOYMENT_TARGET = 13.3;
				MTL_ENABLE_DEBUG_INFO = NO;
				MTL_FAST_MATH = YES;
				SDKROOT = macosx;
			};
			name = Release;
		};
		BE3EDAA62A719A3800B3B3ED /* Debug */ = {
			isa = XCBuildConfiguration;
			buildSettings = {
				CLANG_CXX_LANGUAGE_STANDARD = "gnu++17";
				CODE_SIGN_STYLE = Automatic;
				HEADER_SEARCH_PATHS = (
					/opt/homebrew/opt/glm/include,
					/opt/homebrew/opt/jansson/include,
					/opt/homebrew/opt/glfw/include,
				);
				LIBRARY_SEARCH_PATHS = (
					/opt/homebrew/opt/jansson/lib,
					/opt/homebrew/opt/glfw/lib,
				);
				OTHER_LDFLAGS = (
					"-ljansson",
					"-lglfw",
					"-framework",
					OpenGL,
					"-framework",
					GLUT,
					"-framework",
					AppKit,
				);
				PRODUCT_NAME = "$(TARGET_NAME)";
				WARNING_CFLAGS = (
					"-Wall",
					"-Wno-deprecated-declarations",
				);
			};
			name = Debug;
		};
		BE3EDAA72A719A3800B3B3ED /* Release */ = {
			isa = XCBuildConfiguration;
			buildSettings = {
				CLANG_CXX_LANGUAGE_STANDARD = "gnu++17";
				CODE_SIGN_STYLE = Automatic;
				HEADER_SEARCH_PATHS = (
					/opt/homebrew/opt/glm/include,
					/opt/homebrew/opt/jansson/include,
					/opt/homebrew/opt/glfw/include,
				);
				LIBRARY_SEARCH_PATHS = (
					/opt/homebrew/opt/jansson/lib,
					/opt/homebrew/opt/glfw/lib,
				);
				OTHER_LDFLAGS = (
					"-ljansson",
					"-lglfw",
					"-framework",
					OpenGL,
					"-framework",
					GLUT,
					"-framework",
					AppKit,
				);
				PRODUCT_NAME = "$(TARGET_NAME)";
				WARNING_CFLAGS = (
					"-Wall",
					"-Wno-deprecated-declarations",
				);
			};
			name = Release;
		};
/* End XCBuildConfiguration section */

/* Begin XCConfigurationList section */
		BE3EDA992A719A3800B3B3ED /* Build configuration list for PBXProject "progviz" */ = {
			isa = XCConfigurationList;
			buildConfigurations = (
				BE3EDAA32A719A3800B3B3ED /* Debug */,
				BE3EDAA42A719A3800B3B3ED /* Release */,
			);
			defaultConfigurationIsVisible = 0;
			defaultConfigurationName = Release;
		};
		BE3EDAA52A719A3800B3B3ED /* Build configuration list for PBXNativeTarget "progviz" */ = {
			isa = XCConfigurationList;
			buildConfigurations = (
				BE3EDAA62A719A3800B3B3ED /* Debug */,
				BE3EDAA72A719A3800B3B3ED /* Release */,
			);
			defaultConfigurationIsVisible = 0;
			defaultConfigurationName = Release;
		};
/* End XCConfigurationList section */
	};
	rootObject = BE3EDA962A719A3800B3B3ED /* Project object */;
}
